
Microsoft Visual Studio Solution File, Format Version 12.00
# Visual Studio Version 16
VisualStudioVersion = 16.0.29613.14
MinimumVisualStudioVersion = 10.0.40219.1
Project("{2150E333-8FDC-42A3-9474-1A3956D46DE8}") = "01 - Modulo", "01 - Modulo", "{281B27B8-8DBF-4C6F-A05F-C8B0F8534FDD}"
EndProject
Project("{FAE04EC0-301F-11D3-BF4B-00C04F79EFBC}") = "Exercise.BlueYonder.Flights", "src\Exercise.BlueYonder.Flights\Exercise.BlueYonder.Flights.csproj", "{D29F432C-2848-4EE7-8DA7-39280D58BE9A}"
EndProject
Global
	GlobalSection(SolutionConfigurationPlatforms) = preSolution
		Debug|Any CPU = Debug|Any CPU
		Release|Any CPU = Release|Any CPU
	EndGlobalSection
	GlobalSection(ProjectConfigurationPlatforms) = postSolution
		{D29F432C-2848-4EE7-8DA7-39280D58BE9A}.Debug|Any CPU.ActiveCfg = Debug|Any CPU
		{D29F432C-2848-4EE7-8DA7-39280D58BE9A}.Debug|Any CPU.Build.0 = Debug|Any CPU
		{D29F432C-2848-4EE7-8DA7-39280D58BE9A}.Release|Any CPU.ActiveCfg = Release|Any CPU
		{D29F432C-2848-4EE7-8DA7-39280D58BE9A}.Release|Any CPU.Build.0 = Release|Any CPU
	EndGlobalSection
	GlobalSection(SolutionProperties) = preSolution
		HideSolutionNode = FALSE
	EndGlobalSection
	GlobalSection(NestedProjects) = preSolution
		{D29F432C-2848-4EE7-8DA7-39280D58BE9A} = {281B27B8-8DBF-4C6F-A05F-C8B0F8534FDD}
	EndGlobalSection
	GlobalSection(ExtensibilityGlobals) = postSolution
		SolutionGuid = {7A8A6B9B-9BFC-453D-BFF0-2CC18A0810B0}
	EndGlobalSection
EndGlobal
